{
  "originHash" : "c34b71b89abae9317d589d6c392a02d049fe53b552103f40362858083936b759",
  "pins" : [
    {
      "identity" : "brc-multiplatform",
      "kind" : "remoteSourceControl",
      "location" : "https://github.com/bradpatras/brc-multiplatform",
      "state" : {
        "revision" : "d95493f0aba96c7ae3cefe41e31f2ad9fcc900fe",
        "version" : "0.0.1"
      }
    }
  ],
  "version" : 3
}
